
Microsoft Visual Studio Solution File, Format Version 12.00
# Visual Studio Version 17
VisualStudioVersion = 17.5.002.0
MinimumVisualStudioVersion = 10.0.40219.1
Project("{9A19103F-16F7-4668-BE54-9A1E7A4F7556}") = "OAuthServer", "OAuthServer.csproj", "{27D24E57-1B42-49E0-A354-28E31B55BA9E}"
EndProject
Global
	GlobalSection(SolutionConfigurationPlatforms) = preSolution
		Debug|Any CPU = Debug|Any CPU
		Release|Any CPU = Release|Any CPU
	EndGlobalSection
	GlobalSection(ProjectConfigurationPlatforms) = postSolution
		{27D24E57-1B42-49E0-A354-28E31B55BA9E}.Debug|Any CPU.ActiveCfg = Debug|Any CPU
		{27D24E57-1B42-49E0-A354-28E31B55BA9E}.Debug|Any CPU.Build.0 = Debug|Any CPU
		{27D24E57-1B42-49E0-A354-28E31B55BA9E}.Release|Any CPU.ActiveCfg = Release|Any CPU
		{27D24E57-1B42-49E0-A354-28E31B55BA9E}.Release|Any CPU.Build.0 = Release|Any CPU
	EndGlobalSection
	GlobalSection(SolutionProperties) = preSolution
		HideSolutionNode = FALSE
	EndGlobalSection
	GlobalSection(ExtensibilityGlobals) = postSolution
		SolutionGuid = {E6D5BEA6-9710-48F8-9EAD-892D4AA565C9}
	EndGlobalSection
EndGlobal
